
Microsoft Visual Studio Solution File, Format Version 12.00
# Visual Studio Version 16
VisualStudioVersion = 16.0.32802.440
MinimumVisualStudioVersion = 10.0.40219.1
Project("{FAE04EC0-301F-11D3-BF4B-00C04F79EFBC}") = "Diagnostic Project", "Diagnostic Project\Diagnostic Project.csproj", "{BDC253E6-F704-4F34-B46C-B3EFAD870F2C}"
EndProject
Global
	GlobalSection(SolutionConfigurationPlatforms) = preSolution
		Debug|Any CPU = Debug|Any CPU
		Release|Any CPU = Release|Any CPU
	EndGlobalSection
	GlobalSection(ProjectConfigurationPlatforms) = postSolution
		{BDC253E6-F704-4F34-B46C-B3EFAD870F2C}.Debug|Any CPU.ActiveCfg = Debug|Any CPU
		{BDC253E6-F704-4F34-B46C-B3EFAD870F2C}.Debug|Any CPU.Build.0 = Debug|Any CPU
		{BDC253E6-F704-4F34-B46C-B3EFAD870F2C}.Release|Any CPU.ActiveCfg = Release|Any CPU
		{BDC253E6-F704-4F34-B46C-B3EFAD870F2C}.Release|Any CPU.Build.0 = Release|Any CPU
	EndGlobalSection
	GlobalSection(SolutionProperties) = preSolution
		HideSolutionNode = FALSE
	EndGlobalSection
	GlobalSection(ExtensibilityGlobals) = postSolution
		SolutionGuid = {49622A37-C70D-440F-ABF5-A880DE61149B}
	EndGlobalSection
EndGlobal
